
Microsoft Visual Studio Solution File, Format Version 12.00
Project("{FAE04EC0-301F-11D3-BF4B-00C04F79EFBC}") = "Refactorings and Quick Fixes", "Refactorings and Quick Fixes\Refactorings and Quick Fixes.csproj", "{FE0BEC80-F9D5-4AEB-AE3A-CE40E7C5CB1C}"
EndProject
Global
	GlobalSection(SolutionConfigurationPlatforms) = preSolution
		Debug|Any CPU = Debug|Any CPU
		Release|Any CPU = Release|Any CPU
	EndGlobalSection
	GlobalSection(ProjectConfigurationPlatforms) = postSolution
		{FE0BEC80-F9D5-4AEB-AE3A-CE40E7C5CB1C}.Debug|Any CPU.ActiveCfg = Debug|Any CPU
		{FE0BEC80-F9D5-4AEB-AE3A-CE40E7C5CB1C}.Debug|Any CPU.Build.0 = Debug|Any CPU
		{FE0BEC80-F9D5-4AEB-AE3A-CE40E7C5CB1C}.Release|Any CPU.ActiveCfg = Release|Any CPU
		{FE0BEC80-F9D5-4AEB-AE3A-CE40E7C5CB1C}.Release|Any CPU.Build.0 = Release|Any CPU
	EndGlobalSection
EndGlobal
